
Microsoft Visual Studio Solution File, Format Version 12.00
# Visual Studio Version 17
VisualStudioVersion = 17.4.33122.133
MinimumVisualStudioVersion = 10.0.40219.1
Project("{FAE04EC0-301F-11D3-BF4B-00C04F79EFBC}") = "ciine-ga-ds4", "ciine-ga-ds4\ciine-ga-ds4.csproj", "{242102E8-4571-44B4-86EB-2CD44A05CEFD}"
EndProject
Project("{FAE04EC0-301F-11D3-BF4B-00C04F79EFBC}") = "controllers", "controllers\controllers.csproj", "{8BDE6140-EE1C-4FD9-85E8-7F0DFD14CE94}"
EndProject
Project("{FAE04EC0-301F-11D3-BF4B-00C04F79EFBC}") = "Dualshock4", "Dualshock4\Dualshock4.csproj", "{FEBAAD46-13F4-4B24-98C1-F14231BD1311}"
EndProject
Global
	GlobalSection(SolutionConfigurationPlatforms) = preSolution
		Debug|Any CPU = Debug|Any CPU
		Debug|x86 = Debug|x86
		Release|Any CPU = Release|Any CPU
		Release|x86 = Release|x86
	EndGlobalSection
	GlobalSection(ProjectConfigurationPlatforms) = postSolution
		{242102E8-4571-44B4-86EB-2CD44A05CEFD}.Debug|Any CPU.ActiveCfg = Debug|Any CPU
		{242102E8-4571-44B4-86EB-2CD44A05CEFD}.Debug|Any CPU.Build.0 = Debug|Any CPU
		{242102E8-4571-44B4-86EB-2CD44A05CEFD}.Debug|x86.ActiveCfg = Debug|x86
		{242102E8-4571-44B4-86EB-2CD44A05CEFD}.Debug|x86.Build.0 = Debug|x86
		{242102E8-4571-44B4-86EB-2CD44A05CEFD}.Release|Any CPU.ActiveCfg = Release|Any CPU
		{242102E8-4571-44B4-86EB-2CD44A05CEFD}.Release|Any CPU.Build.0 = Release|Any CPU
		{242102E8-4571-44B4-86EB-2CD44A05CEFD}.Release|x86.ActiveCfg = Release|x86
		{242102E8-4571-44B4-86EB-2CD44A05CEFD}.Release|x86.Build.0 = Release|x86
		{8BDE6140-EE1C-4FD9-85E8-7F0DFD14CE94}.Debug|Any CPU.ActiveCfg = Debug|Any CPU
		{8BDE6140-EE1C-4FD9-85E8-7F0DFD14CE94}.Debug|Any CPU.Build.0 = Debug|Any CPU
		{8BDE6140-EE1C-4FD9-85E8-7F0DFD14CE94}.Debug|x86.ActiveCfg = Debug|Any CPU
		{8BDE6140-EE1C-4FD9-85E8-7F0DFD14CE94}.Debug|x86.Build.0 = Debug|Any CPU
		{8BDE6140-EE1C-4FD9-85E8-7F0DFD14CE94}.Release|Any CPU.ActiveCfg = Release|Any CPU
		{8BDE6140-EE1C-4FD9-85E8-7F0DFD14CE94}.Release|Any CPU.Build.0 = Release|Any CPU
		{8BDE6140-EE1C-4FD9-85E8-7F0DFD14CE94}.Release|x86.ActiveCfg = Release|Any CPU
		{8BDE6140-EE1C-4FD9-85E8-7F0DFD14CE94}.Release|x86.Build.0 = Release|Any CPU
		{FEBAAD46-13F4-4B24-98C1-F14231BD1311}.Debug|Any CPU.ActiveCfg = Debug|Any CPU
		{FEBAAD46-13F4-4B24-98C1-F14231BD1311}.Debug|Any CPU.Build.0 = Debug|Any CPU
		{FEBAAD46-13F4-4B24-98C1-F14231BD1311}.Debug|x86.ActiveCfg = Debug|Any CPU
		{FEBAAD46-13F4-4B24-98C1-F14231BD1311}.Debug|x86.Build.0 = Debug|Any CPU
		{FEBAAD46-13F4-4B24-98C1-F14231BD1311}.Release|Any CPU.ActiveCfg = Release|Any CPU
		{FEBAAD46-13F4-4B24-98C1-F14231BD1311}.Release|Any CPU.Build.0 = Release|Any CPU
		{FEBAAD46-13F4-4B24-98C1-F14231BD1311}.Release|x86.ActiveCfg = Release|Any CPU
		{FEBAAD46-13F4-4B24-98C1-F14231BD1311}.Release|x86.Build.0 = Release|Any CPU
	EndGlobalSection
	GlobalSection(SolutionProperties) = preSolution
		HideSolutionNode = FALSE
	EndGlobalSection
	GlobalSection(ExtensibilityGlobals) = postSolution
		SolutionGuid = {89BC7247-EE87-4C95-9F89-5B42827EE0BE}
	EndGlobalSection
EndGlobal
