
Microsoft Visual Studio Solution File, Format Version 12.00
# Visual Studio Version 17
VisualStudioVersion = 17.4.33122.133
MinimumVisualStudioVersion = 10.0.40219.1
Project("{FAE04EC0-301F-11D3-BF4B-00C04F79EFBC}") = "ciine-gp-wn-cod", "ciine-gp-wn-cod\ciine-gp-wn-cod.csproj", "{756FEBFC-F6E9-43E2-832C-D0E78F8867AE}"
EndProject
Project("{FAE04EC0-301F-11D3-BF4B-00C04F79EFBC}") = "controllers", "controllers\controllers.csproj", "{8BDE6140-EE1C-4FD9-85E8-7F0DFD14CE94}"
EndProject
Global
	GlobalSection(SolutionConfigurationPlatforms) = preSolution
		Debug|Any CPU = Debug|Any CPU
		Debug|x86 = Debug|x86
		Release|Any CPU = Release|Any CPU
		Release|x86 = Release|x86
	EndGlobalSection
	GlobalSection(ProjectConfigurationPlatforms) = postSolution
		{756FEBFC-F6E9-43E2-832C-D0E78F8867AE}.Debug|Any CPU.ActiveCfg = Debug|Any CPU
		{756FEBFC-F6E9-43E2-832C-D0E78F8867AE}.Debug|Any CPU.Build.0 = Debug|Any CPU
		{756FEBFC-F6E9-43E2-832C-D0E78F8867AE}.Debug|x86.ActiveCfg = Debug|x86
		{756FEBFC-F6E9-43E2-832C-D0E78F8867AE}.Debug|x86.Build.0 = Debug|x86
		{756FEBFC-F6E9-43E2-832C-D0E78F8867AE}.Release|Any CPU.ActiveCfg = Release|Any CPU
		{756FEBFC-F6E9-43E2-832C-D0E78F8867AE}.Release|Any CPU.Build.0 = Release|Any CPU
		{756FEBFC-F6E9-43E2-832C-D0E78F8867AE}.Release|x86.ActiveCfg = Release|x86
		{756FEBFC-F6E9-43E2-832C-D0E78F8867AE}.Release|x86.Build.0 = Release|x86
		{8BDE6140-EE1C-4FD9-85E8-7F0DFD14CE94}.Debug|Any CPU.ActiveCfg = Debug|Any CPU
		{8BDE6140-EE1C-4FD9-85E8-7F0DFD14CE94}.Debug|Any CPU.Build.0 = Debug|Any CPU
		{8BDE6140-EE1C-4FD9-85E8-7F0DFD14CE94}.Debug|x86.ActiveCfg = Debug|Any CPU
		{8BDE6140-EE1C-4FD9-85E8-7F0DFD14CE94}.Debug|x86.Build.0 = Debug|Any CPU
		{8BDE6140-EE1C-4FD9-85E8-7F0DFD14CE94}.Release|Any CPU.ActiveCfg = Release|Any CPU
		{8BDE6140-EE1C-4FD9-85E8-7F0DFD14CE94}.Release|Any CPU.Build.0 = Release|Any CPU
		{8BDE6140-EE1C-4FD9-85E8-7F0DFD14CE94}.Release|x86.ActiveCfg = Release|Any CPU
		{8BDE6140-EE1C-4FD9-85E8-7F0DFD14CE94}.Release|x86.Build.0 = Release|Any CPU
	EndGlobalSection
	GlobalSection(SolutionProperties) = preSolution
		HideSolutionNode = FALSE
	EndGlobalSection
	GlobalSection(ExtensibilityGlobals) = postSolution
		SolutionGuid = {B8B452B4-33D1-4053-B47F-20458C92B8BB}
	EndGlobalSection
EndGlobal
