
Microsoft Visual Studio Solution File, Format Version 12.00
# Visual Studio Version 17
VisualStudioVersion = 17.4.33122.133
MinimumVisualStudioVersion = 10.0.40219.1
Project("{FAE04EC0-301F-11D3-BF4B-00C04F79EFBC}") = "ciine-lg-joyr", "ciine-lg-joyr\ciine-lg-joyr.csproj", "{3E019264-2895-46F3-8922-D4B6E58CAB89}"
EndProject
Global
	GlobalSection(SolutionConfigurationPlatforms) = preSolution
		Debug|Any CPU = Debug|Any CPU
		Debug|x86 = Debug|x86
		Release|Any CPU = Release|Any CPU
		Release|x86 = Release|x86
	EndGlobalSection
	GlobalSection(ProjectConfigurationPlatforms) = postSolution
		{3E019264-2895-46F3-8922-D4B6E58CAB89}.Debug|Any CPU.ActiveCfg = Debug|Any CPU
		{3E019264-2895-46F3-8922-D4B6E58CAB89}.Debug|Any CPU.Build.0 = Debug|Any CPU
		{3E019264-2895-46F3-8922-D4B6E58CAB89}.Debug|x86.ActiveCfg = Debug|x86
		{3E019264-2895-46F3-8922-D4B6E58CAB89}.Debug|x86.Build.0 = Debug|x86
		{3E019264-2895-46F3-8922-D4B6E58CAB89}.Release|Any CPU.ActiveCfg = Release|Any CPU
		{3E019264-2895-46F3-8922-D4B6E58CAB89}.Release|Any CPU.Build.0 = Release|Any CPU
		{3E019264-2895-46F3-8922-D4B6E58CAB89}.Release|x86.ActiveCfg = Release|x86
		{3E019264-2895-46F3-8922-D4B6E58CAB89}.Release|x86.Build.0 = Release|x86
	EndGlobalSection
	GlobalSection(SolutionProperties) = preSolution
		HideSolutionNode = FALSE
	EndGlobalSection
	GlobalSection(ExtensibilityGlobals) = postSolution
		SolutionGuid = {125D18B8-DC70-4774-90E3-6E95AAFC43AD}
	EndGlobalSection
EndGlobal
