
Microsoft Visual Studio Solution File, Format Version 12.00
# Visual Studio Version 17
VisualStudioVersion = 17.4.33122.133
MinimumVisualStudioVersion = 10.0.40219.1
Project("{FAE04EC0-301F-11D3-BF4B-00C04F79EFBC}") = "ciine-lg-spc", "ciine-lg-spc\ciine-lg-spc.csproj", "{D35788DF-7924-4614-9B4B-4FC098D2FBBA}"
EndProject
Project("{FAE04EC0-301F-11D3-BF4B-00C04F79EFBC}") = "keyboards", "keyboards\keyboards.csproj", "{3A819ECF-C03A-49FB-B3F5-4E7A5563FB42}"
EndProject
Project("{FAE04EC0-301F-11D3-BF4B-00C04F79EFBC}") = "mouses", "mouses\mouses.csproj", "{53849BEC-E4F5-4043-BFD3-6B87CFC1C1FF}"
EndProject
Global
	GlobalSection(SolutionConfigurationPlatforms) = preSolution
		Debug|Any CPU = Debug|Any CPU
		Debug|x86 = Debug|x86
		Release|Any CPU = Release|Any CPU
		Release|x86 = Release|x86
	EndGlobalSection
	GlobalSection(ProjectConfigurationPlatforms) = postSolution
		{D35788DF-7924-4614-9B4B-4FC098D2FBBA}.Debug|Any CPU.ActiveCfg = Debug|Any CPU
		{D35788DF-7924-4614-9B4B-4FC098D2FBBA}.Debug|Any CPU.Build.0 = Debug|Any CPU
		{D35788DF-7924-4614-9B4B-4FC098D2FBBA}.Debug|x86.ActiveCfg = Debug|x86
		{D35788DF-7924-4614-9B4B-4FC098D2FBBA}.Debug|x86.Build.0 = Debug|x86
		{D35788DF-7924-4614-9B4B-4FC098D2FBBA}.Release|Any CPU.ActiveCfg = Release|Any CPU
		{D35788DF-7924-4614-9B4B-4FC098D2FBBA}.Release|Any CPU.Build.0 = Release|Any CPU
		{D35788DF-7924-4614-9B4B-4FC098D2FBBA}.Release|x86.ActiveCfg = Release|x86
		{D35788DF-7924-4614-9B4B-4FC098D2FBBA}.Release|x86.Build.0 = Release|x86
		{3A819ECF-C03A-49FB-B3F5-4E7A5563FB42}.Debug|Any CPU.ActiveCfg = Debug|Any CPU
		{3A819ECF-C03A-49FB-B3F5-4E7A5563FB42}.Debug|Any CPU.Build.0 = Debug|Any CPU
		{3A819ECF-C03A-49FB-B3F5-4E7A5563FB42}.Debug|x86.ActiveCfg = Debug|Any CPU
		{3A819ECF-C03A-49FB-B3F5-4E7A5563FB42}.Debug|x86.Build.0 = Debug|Any CPU
		{3A819ECF-C03A-49FB-B3F5-4E7A5563FB42}.Release|Any CPU.ActiveCfg = Release|Any CPU
		{3A819ECF-C03A-49FB-B3F5-4E7A5563FB42}.Release|Any CPU.Build.0 = Release|Any CPU
		{3A819ECF-C03A-49FB-B3F5-4E7A5563FB42}.Release|x86.ActiveCfg = Release|Any CPU
		{3A819ECF-C03A-49FB-B3F5-4E7A5563FB42}.Release|x86.Build.0 = Release|Any CPU
		{53849BEC-E4F5-4043-BFD3-6B87CFC1C1FF}.Debug|Any CPU.ActiveCfg = Debug|Any CPU
		{53849BEC-E4F5-4043-BFD3-6B87CFC1C1FF}.Debug|Any CPU.Build.0 = Debug|Any CPU
		{53849BEC-E4F5-4043-BFD3-6B87CFC1C1FF}.Debug|x86.ActiveCfg = Debug|Any CPU
		{53849BEC-E4F5-4043-BFD3-6B87CFC1C1FF}.Debug|x86.Build.0 = Debug|Any CPU
		{53849BEC-E4F5-4043-BFD3-6B87CFC1C1FF}.Release|Any CPU.ActiveCfg = Release|Any CPU
		{53849BEC-E4F5-4043-BFD3-6B87CFC1C1FF}.Release|Any CPU.Build.0 = Release|Any CPU
		{53849BEC-E4F5-4043-BFD3-6B87CFC1C1FF}.Release|x86.ActiveCfg = Release|Any CPU
		{53849BEC-E4F5-4043-BFD3-6B87CFC1C1FF}.Release|x86.Build.0 = Release|Any CPU
	EndGlobalSection
	GlobalSection(SolutionProperties) = preSolution
		HideSolutionNode = FALSE
	EndGlobalSection
	GlobalSection(ExtensibilityGlobals) = postSolution
		SolutionGuid = {D232FA70-0BA2-4D8C-A9BA-7410034D5B3B}
	EndGlobalSection
EndGlobal
