
Microsoft Visual Studio Solution File, Format Version 12.00
# Visual Studio Version 17
VisualStudioVersion = 17.8.34330.188
MinimumVisualStudioVersion = 10.0.40219.1
Project("{FAE04EC0-301F-11D3-BF4B-00C04F79EFBC}") = "ciine", "ciine\ciine.csproj", "{F76DF6AF-283E-44FF-9C95-20E688ED5B4B}"
EndProject
Project("{FAE04EC0-301F-11D3-BF4B-00C04F79EFBC}") = "controllers", "controllers\controllers.csproj", "{0BD04E6A-5042-4056-B3F4-1B295BD3F51E}"
EndProject
Project("{FAE04EC0-301F-11D3-BF4B-00C04F79EFBC}") = "Wiimote", "Wiimote\Wiimote.csproj", "{4F5AE99F-4E4A-49F6-9B51-25BA6350E95A}"
EndProject
Global
	GlobalSection(SolutionConfigurationPlatforms) = preSolution
		Debug|Any CPU = Debug|Any CPU
		Release|Any CPU = Release|Any CPU
	EndGlobalSection
	GlobalSection(ProjectConfigurationPlatforms) = postSolution
		{F76DF6AF-283E-44FF-9C95-20E688ED5B4B}.Debug|Any CPU.ActiveCfg = Debug|Any CPU
		{F76DF6AF-283E-44FF-9C95-20E688ED5B4B}.Debug|Any CPU.Build.0 = Debug|Any CPU
		{F76DF6AF-283E-44FF-9C95-20E688ED5B4B}.Release|Any CPU.ActiveCfg = Release|Any CPU
		{F76DF6AF-283E-44FF-9C95-20E688ED5B4B}.Release|Any CPU.Build.0 = Release|Any CPU
		{0BD04E6A-5042-4056-B3F4-1B295BD3F51E}.Debug|Any CPU.ActiveCfg = Debug|Any CPU
		{0BD04E6A-5042-4056-B3F4-1B295BD3F51E}.Debug|Any CPU.Build.0 = Debug|Any CPU
		{0BD04E6A-5042-4056-B3F4-1B295BD3F51E}.Release|Any CPU.ActiveCfg = Release|Any CPU
		{0BD04E6A-5042-4056-B3F4-1B295BD3F51E}.Release|Any CPU.Build.0 = Release|Any CPU
		{4F5AE99F-4E4A-49F6-9B51-25BA6350E95A}.Debug|Any CPU.ActiveCfg = Debug|Any CPU
		{4F5AE99F-4E4A-49F6-9B51-25BA6350E95A}.Debug|Any CPU.Build.0 = Debug|Any CPU
		{4F5AE99F-4E4A-49F6-9B51-25BA6350E95A}.Release|Any CPU.ActiveCfg = Release|Any CPU
		{4F5AE99F-4E4A-49F6-9B51-25BA6350E95A}.Release|Any CPU.Build.0 = Release|Any CPU
	EndGlobalSection
	GlobalSection(SolutionProperties) = preSolution
		HideSolutionNode = FALSE
	EndGlobalSection
	GlobalSection(ExtensibilityGlobals) = postSolution
		SolutionGuid = {CEC902C4-2A45-446E-9607-9AD7B4F136AA}
	EndGlobalSection
EndGlobal
