
Microsoft Visual Studio Solution File, Format Version 12.00
# Visual Studio Version 17
VisualStudioVersion = 17.4.33122.133
MinimumVisualStudioVersion = 10.0.40219.1
Project("{FAE04EC0-301F-11D3-BF4B-00C04F79EFBC}") = "ciine-lg-joyl", "ciine-lg-joyl\ciine-lg-joyl.csproj", "{CBFC7842-ED18-4C44-9F95-B852A1947AFA}"
EndProject
Global
	GlobalSection(SolutionConfigurationPlatforms) = preSolution
		Debug|Any CPU = Debug|Any CPU
		Debug|x86 = Debug|x86
		Release|Any CPU = Release|Any CPU
		Release|x86 = Release|x86
	EndGlobalSection
	GlobalSection(ProjectConfigurationPlatforms) = postSolution
		{CBFC7842-ED18-4C44-9F95-B852A1947AFA}.Debug|Any CPU.ActiveCfg = Debug|Any CPU
		{CBFC7842-ED18-4C44-9F95-B852A1947AFA}.Debug|Any CPU.Build.0 = Debug|Any CPU
		{CBFC7842-ED18-4C44-9F95-B852A1947AFA}.Debug|x86.ActiveCfg = Debug|x86
		{CBFC7842-ED18-4C44-9F95-B852A1947AFA}.Debug|x86.Build.0 = Debug|x86
		{CBFC7842-ED18-4C44-9F95-B852A1947AFA}.Release|Any CPU.ActiveCfg = Release|Any CPU
		{CBFC7842-ED18-4C44-9F95-B852A1947AFA}.Release|Any CPU.Build.0 = Release|Any CPU
		{CBFC7842-ED18-4C44-9F95-B852A1947AFA}.Release|x86.ActiveCfg = Release|x86
		{CBFC7842-ED18-4C44-9F95-B852A1947AFA}.Release|x86.Build.0 = Release|x86
	EndGlobalSection
	GlobalSection(SolutionProperties) = preSolution
		HideSolutionNode = FALSE
	EndGlobalSection
	GlobalSection(ExtensibilityGlobals) = postSolution
		SolutionGuid = {5D1CC93B-87C2-41CE-AFEB-08135B354056}
	EndGlobalSection
EndGlobal
